
Microsoft Visual Studio Solution File, Format Version 12.00
# Visual Studio Version 17
VisualStudioVersion = 17.0.31903.59
MinimumVisualStudioVersion = 10.0.40219.1
Project("{2150E333-8FDC-42A3-9474-1A3956D46DE8}") = "src", "src", "{06EB960F-EA9D-4D6C-A633-D4DFA3DB61FE}"
EndProject
Project("{2150E333-8FDC-42A3-9474-1A3956D46DE8}") = "api", "api", "{18B1D31B-DEA8-4616-BD27-A4757490FA6D}"
EndProject
Project("{FAE04EC0-301F-11D3-BF4B-00C04F79EFBC}") = "MasstransitDemo.Api", "src\MasstransitDemo.Api\MasstransitDemo.Api.csproj", "{F058835B-43DF-4C2D-BA59-CDAA9054ACE5}"
EndProject
Project("{FAE04EC0-301F-11D3-BF4B-00C04F79EFBC}") = "MasstransitDemo.Shared", "src\MasstransitDemo.Shared\MasstransitDemo.Shared.csproj", "{4F8C51FC-DC5A-41CE-AD74-3712BA0B1A5F}"
EndProject
Project("{FAE04EC0-301F-11D3-BF4B-00C04F79EFBC}") = "MasstransitDemo.Consumer", "src\MasstransitDemo.Consumer\MasstransitDemo.Consumer.csproj", "{62248451-8D85-484D-8541-59B3384CDCF1}"
EndProject
Project("{2150E333-8FDC-42A3-9474-1A3956D46DE8}") = ".solution", ".solution", "{6A1746F4-EF3C-4400-8CB2-0C6656282E3D}"
	ProjectSection(SolutionItems) = preProject
		docker-compose.yml = docker-compose.yml
	EndProjectSection
EndProject
Global
	GlobalSection(SolutionConfigurationPlatforms) = preSolution
		Debug|Any CPU = Debug|Any CPU
		Release|Any CPU = Release|Any CPU
	EndGlobalSection
	GlobalSection(SolutionProperties) = preSolution
		HideSolutionNode = FALSE
	EndGlobalSection
	GlobalSection(ProjectConfigurationPlatforms) = postSolution
		{F058835B-43DF-4C2D-BA59-CDAA9054ACE5}.Debug|Any CPU.ActiveCfg = Debug|Any CPU
		{F058835B-43DF-4C2D-BA59-CDAA9054ACE5}.Debug|Any CPU.Build.0 = Debug|Any CPU
		{F058835B-43DF-4C2D-BA59-CDAA9054ACE5}.Release|Any CPU.ActiveCfg = Release|Any CPU
		{F058835B-43DF-4C2D-BA59-CDAA9054ACE5}.Release|Any CPU.Build.0 = Release|Any CPU
		{4F8C51FC-DC5A-41CE-AD74-3712BA0B1A5F}.Debug|Any CPU.ActiveCfg = Debug|Any CPU
		{4F8C51FC-DC5A-41CE-AD74-3712BA0B1A5F}.Debug|Any CPU.Build.0 = Debug|Any CPU
		{4F8C51FC-DC5A-41CE-AD74-3712BA0B1A5F}.Release|Any CPU.ActiveCfg = Release|Any CPU
		{4F8C51FC-DC5A-41CE-AD74-3712BA0B1A5F}.Release|Any CPU.Build.0 = Release|Any CPU
		{62248451-8D85-484D-8541-59B3384CDCF1}.Debug|Any CPU.ActiveCfg = Debug|Any CPU
		{62248451-8D85-484D-8541-59B3384CDCF1}.Debug|Any CPU.Build.0 = Debug|Any CPU
		{62248451-8D85-484D-8541-59B3384CDCF1}.Release|Any CPU.ActiveCfg = Release|Any CPU
		{62248451-8D85-484D-8541-59B3384CDCF1}.Release|Any CPU.Build.0 = Release|Any CPU
	EndGlobalSection
	GlobalSection(NestedProjects) = preSolution
		{18B1D31B-DEA8-4616-BD27-A4757490FA6D} = {06EB960F-EA9D-4D6C-A633-D4DFA3DB61FE}
		{F058835B-43DF-4C2D-BA59-CDAA9054ACE5} = {18B1D31B-DEA8-4616-BD27-A4757490FA6D}
		{4F8C51FC-DC5A-41CE-AD74-3712BA0B1A5F} = {06EB960F-EA9D-4D6C-A633-D4DFA3DB61FE}
		{62248451-8D85-484D-8541-59B3384CDCF1} = {06EB960F-EA9D-4D6C-A633-D4DFA3DB61FE}
	EndGlobalSection
EndGlobal
